<?xml version="1.0" encoding="utf-8"?>
<Project ToolsVersion="4.0" xmlns="http://schemas.microsoft.com/developer/msbuild/2003">
  <ItemGroup>
    <Filter Include="Source Files">
      <UniqueIdentifier>{c6eef2bc-0764-4977-8531-14871753b406}</UniqueIdentifier>
      <Extensions>txt</Extensions>
    </Filter>
    <Filter Include="HeaderFiles">
      <UniqueIdentifier>{c7c13368-e6e0-45f0-b01d-0fcc161b672c}</UniqueIdentifier>
    </Filter>
  </ItemGroup>
  <ItemGroup>
    <None Include="ReadMe.txt">
      <Filter>Source Files</Filter>
    </None>
  </ItemGroup>
  <ItemGroup>
    <ClInclude Include="Functionoid.h">
      <Filter>HeaderFiles</Filter>
    </ClInclude>
    <ClInclude Include="Includes.h">
      <Filter>HeaderFiles</Filter>
    </ClInclude>
    <ClInclude Include="Wnd.h">
      <Filter>HeaderFiles</Filter>
    </ClInclude>
    <ClInclude Include="Menu.h">
      <Filter>HeaderFiles</Filter>
    </ClInclude>
    <ClInclude Include="Mouse_Actions.h">
      <Filter>HeaderFiles</Filter>
    </ClInclude>
    <ClInclude Include="Maze.h">
      <Filter>HeaderFiles</Filter>
    </ClInclude>
  </ItemGroup>
  <ItemGroup>
    <ClCompile Include="Wnd_Tick.cpp">
      <Filter>Source Files</Filter>
    </ClCompile>
    <ClCompile Include="Main.cpp">
      <Filter>Source Files</Filter>
    </ClCompile>
    <ClCompile Include="Wnd_D2D1.cpp">
      <Filter>Source Files</Filter>
    </ClCompile>
    <ClCompile Include="Wnd_Init.cpp">
      <Filter>Source Files</Filter>
    </ClCompile>
    <ClCompile Include="Menu.cpp">
      <Filter>Source Files</Filter>
    </ClCompile>
    <ClCompile Include="Wnd_Mouse.cpp">
      <Filter>Source Files</Filter>
    </ClCompile>
    <ClCompile Include="Maze.cpp">
      <Filter>Source Files</Filter>
    </ClCompile>
  </ItemGroup>
</Project>